
Microsoft Visual Studio Solution File, Format Version 12.00
# Visual Studio 14
VisualStudioVersion = 14.0.23107.0
MinimumVisualStudioVersion = 10.0.40219.1
Project("{FAE04EC0-301F-11D3-BF4B-00C04F79EFBC}") = "ConsoleApplication1Review", "ConsoleApplication1Review\ConsoleApplication1Review.csproj", "{4EF6291B-C0B6-4FE9-A72B-327BCB76C9BE}"
EndProject
Project("{FAE04EC0-301F-11D3-BF4B-00C04F79EFBC}") = "Lesson05", "Lesson05\Lesson05.csproj", "{913494E6-4AD2-4D92-BF6A-B95E82F9AB5C}"
EndProject
Global
	GlobalSection(SolutionConfigurationPlatforms) = preSolution
		Debug|Any CPU = Debug|Any CPU
		Release|Any CPU = Release|Any CPU
	EndGlobalSection
	GlobalSection(ProjectConfigurationPlatforms) = postSolution
		{4EF6291B-C0B6-4FE9-A72B-327BCB76C9BE}.Debug|Any CPU.ActiveCfg = Debug|Any CPU
		{4EF6291B-C0B6-4FE9-A72B-327BCB76C9BE}.Debug|Any CPU.Build.0 = Debug|Any CPU
		{4EF6291B-C0B6-4FE9-A72B-327BCB76C9BE}.Release|Any CPU.ActiveCfg = Release|Any CPU
		{4EF6291B-C0B6-4FE9-A72B-327BCB76C9BE}.Release|Any CPU.Build.0 = Release|Any CPU
		{913494E6-4AD2-4D92-BF6A-B95E82F9AB5C}.Debug|Any CPU.ActiveCfg = Debug|Any CPU
		{913494E6-4AD2-4D92-BF6A-B95E82F9AB5C}.Debug|Any CPU.Build.0 = Debug|Any CPU
		{913494E6-4AD2-4D92-BF6A-B95E82F9AB5C}.Release|Any CPU.ActiveCfg = Release|Any CPU
		{913494E6-4AD2-4D92-BF6A-B95E82F9AB5C}.Release|Any CPU.Build.0 = Release|Any CPU
	EndGlobalSection
	GlobalSection(SolutionProperties) = preSolution
		HideSolutionNode = FALSE
	EndGlobalSection
EndGlobal
